
Microsoft Visual Studio Solution File, Format Version 12.00
# Visual Studio Version 17
VisualStudioVersion = 17.0.31903.59
MinimumVisualStudioVersion = 10.0.40219.1
Project("{2150E333-8FDC-42A3-9474-1A3956D46DE8}") = "Creational", "Creational", "{56A9F078-40C9-3DDD-7DA3-B5A4BF238A7F}"
EndProject
Project("{2150E333-8FDC-42A3-9474-1A3956D46DE8}") = "Structural", "Structural", "{AAFBD153-24CA-142F-8D87-E9EA6ABB24FE}"
EndProject
Project("{2150E333-8FDC-42A3-9474-1A3956D46DE8}") = "Behavioral", "Behavioral", "{26DBFC19-437C-4F90-1A5A-542F2D728CEE}"
EndProject
Project("{FAE04EC0-301F-11D3-BF4B-00C04F79EFBC}") = "Singleton", "Creational\Singleton\Singleton.csproj", "{CE58260A-39C2-4289-99A5-E3E0C266FDB2}"
EndProject
Project("{FAE04EC0-301F-11D3-BF4B-00C04F79EFBC}") = "Observer", "Behavioral\Observer\Observer.csproj", "{15CB31E5-6BA5-4713-A237-808BF1CBC382}"
EndProject
Project("{FAE04EC0-301F-11D3-BF4B-00C04F79EFBC}") = "Decorator", "Structural\Decorator\Decorator.csproj", "{E37E36E8-499F-4F20-B77F-CB9A38157C29}"
EndProject
Project("{FAE04EC0-301F-11D3-BF4B-00C04F79EFBC}") = "Proxy", "Structural\Proxy\Proxy.csproj", "{2B7157A5-25EB-4BCA-BEA7-2702EA81F76A}"
EndProject
Project("{FAE04EC0-301F-11D3-BF4B-00C04F79EFBC}") = "TemplateMethod", "Behavioral\TemplateMethod\TemplateMethod.csproj", "{FC86C5B6-523F-49E9-BC4F-874F2BBF8943}"
EndProject
Project("{FAE04EC0-301F-11D3-BF4B-00C04F79EFBC}") = "Facade", "Structural\Facade\Facade.csproj", "{A1873498-807D-4514-9A74-3542CC63FE30}"
EndProject
Project("{FAE04EC0-301F-11D3-BF4B-00C04F79EFBC}") = "Adapter", "Structural\Adapter\Adapter.csproj", "{E088B822-B656-4623-A808-655DFF3746D6}"
EndProject
Project("{FAE04EC0-301F-11D3-BF4B-00C04F79EFBC}") = "SimpleFactory", "Creational\SimpleFactory\SimpleFactory.csproj", "{33095C4C-AA1A-4295-9C4C-A0484CBD21B0}"
EndProject
Global
	GlobalSection(SolutionConfigurationPlatforms) = preSolution
		Debug|Any CPU = Debug|Any CPU
		Debug|x64 = Debug|x64
		Debug|x86 = Debug|x86
		Release|Any CPU = Release|Any CPU
		Release|x64 = Release|x64
		Release|x86 = Release|x86
	EndGlobalSection
	GlobalSection(ProjectConfigurationPlatforms) = postSolution
		{CE58260A-39C2-4289-99A5-E3E0C266FDB2}.Debug|Any CPU.ActiveCfg = Debug|Any CPU
		{CE58260A-39C2-4289-99A5-E3E0C266FDB2}.Debug|Any CPU.Build.0 = Debug|Any CPU
		{CE58260A-39C2-4289-99A5-E3E0C266FDB2}.Debug|x64.ActiveCfg = Debug|Any CPU
		{CE58260A-39C2-4289-99A5-E3E0C266FDB2}.Debug|x64.Build.0 = Debug|Any CPU
		{CE58260A-39C2-4289-99A5-E3E0C266FDB2}.Debug|x86.ActiveCfg = Debug|Any CPU
		{CE58260A-39C2-4289-99A5-E3E0C266FDB2}.Debug|x86.Build.0 = Debug|Any CPU
		{CE58260A-39C2-4289-99A5-E3E0C266FDB2}.Release|Any CPU.ActiveCfg = Release|Any CPU
		{CE58260A-39C2-4289-99A5-E3E0C266FDB2}.Release|Any CPU.Build.0 = Release|Any CPU
		{CE58260A-39C2-4289-99A5-E3E0C266FDB2}.Release|x64.ActiveCfg = Release|Any CPU
		{CE58260A-39C2-4289-99A5-E3E0C266FDB2}.Release|x64.Build.0 = Release|Any CPU
		{CE58260A-39C2-4289-99A5-E3E0C266FDB2}.Release|x86.ActiveCfg = Release|Any CPU
		{CE58260A-39C2-4289-99A5-E3E0C266FDB2}.Release|x86.Build.0 = Release|Any CPU
		{15CB31E5-6BA5-4713-A237-808BF1CBC382}.Debug|Any CPU.ActiveCfg = Debug|Any CPU
		{15CB31E5-6BA5-4713-A237-808BF1CBC382}.Debug|Any CPU.Build.0 = Debug|Any CPU
		{15CB31E5-6BA5-4713-A237-808BF1CBC382}.Debug|x64.ActiveCfg = Debug|Any CPU
		{15CB31E5-6BA5-4713-A237-808BF1CBC382}.Debug|x64.Build.0 = Debug|Any CPU
		{15CB31E5-6BA5-4713-A237-808BF1CBC382}.Debug|x86.ActiveCfg = Debug|Any CPU
		{15CB31E5-6BA5-4713-A237-808BF1CBC382}.Debug|x86.Build.0 = Debug|Any CPU
		{15CB31E5-6BA5-4713-A237-808BF1CBC382}.Release|Any CPU.ActiveCfg = Release|Any CPU
		{15CB31E5-6BA5-4713-A237-808BF1CBC382}.Release|Any CPU.Build.0 = Release|Any CPU
		{15CB31E5-6BA5-4713-A237-808BF1CBC382}.Release|x64.ActiveCfg = Release|Any CPU
		{15CB31E5-6BA5-4713-A237-808BF1CBC382}.Release|x64.Build.0 = Release|Any CPU
		{15CB31E5-6BA5-4713-A237-808BF1CBC382}.Release|x86.ActiveCfg = Release|Any CPU
		{15CB31E5-6BA5-4713-A237-808BF1CBC382}.Release|x86.Build.0 = Release|Any CPU
		{E37E36E8-499F-4F20-B77F-CB9A38157C29}.Debug|Any CPU.ActiveCfg = Debug|Any CPU
		{E37E36E8-499F-4F20-B77F-CB9A38157C29}.Debug|Any CPU.Build.0 = Debug|Any CPU
		{E37E36E8-499F-4F20-B77F-CB9A38157C29}.Debug|x64.ActiveCfg = Debug|Any CPU
		{E37E36E8-499F-4F20-B77F-CB9A38157C29}.Debug|x64.Build.0 = Debug|Any CPU
		{E37E36E8-499F-4F20-B77F-CB9A38157C29}.Debug|x86.ActiveCfg = Debug|Any CPU
		{E37E36E8-499F-4F20-B77F-CB9A38157C29}.Debug|x86.Build.0 = Debug|Any CPU
		{E37E36E8-499F-4F20-B77F-CB9A38157C29}.Release|Any CPU.ActiveCfg = Release|Any CPU
		{E37E36E8-499F-4F20-B77F-CB9A38157C29}.Release|Any CPU.Build.0 = Release|Any CPU
		{E37E36E8-499F-4F20-B77F-CB9A38157C29}.Release|x64.ActiveCfg = Release|Any CPU
		{E37E36E8-499F-4F20-B77F-CB9A38157C29}.Release|x64.Build.0 = Release|Any CPU
		{E37E36E8-499F-4F20-B77F-CB9A38157C29}.Release|x86.ActiveCfg = Release|Any CPU
		{E37E36E8-499F-4F20-B77F-CB9A38157C29}.Release|x86.Build.0 = Release|Any CPU
		{2B7157A5-25EB-4BCA-BEA7-2702EA81F76A}.Debug|Any CPU.ActiveCfg = Debug|Any CPU
		{2B7157A5-25EB-4BCA-BEA7-2702EA81F76A}.Debug|Any CPU.Build.0 = Debug|Any CPU
		{2B7157A5-25EB-4BCA-BEA7-2702EA81F76A}.Debug|x64.ActiveCfg = Debug|Any CPU
		{2B7157A5-25EB-4BCA-BEA7-2702EA81F76A}.Debug|x64.Build.0 = Debug|Any CPU
		{2B7157A5-25EB-4BCA-BEA7-2702EA81F76A}.Debug|x86.ActiveCfg = Debug|Any CPU
		{2B7157A5-25EB-4BCA-BEA7-2702EA81F76A}.Debug|x86.Build.0 = Debug|Any CPU
		{2B7157A5-25EB-4BCA-BEA7-2702EA81F76A}.Release|Any CPU.ActiveCfg = Release|Any CPU
		{2B7157A5-25EB-4BCA-BEA7-2702EA81F76A}.Release|Any CPU.Build.0 = Release|Any CPU
		{2B7157A5-25EB-4BCA-BEA7-2702EA81F76A}.Release|x64.ActiveCfg = Release|Any CPU
		{2B7157A5-25EB-4BCA-BEA7-2702EA81F76A}.Release|x64.Build.0 = Release|Any CPU
		{2B7157A5-25EB-4BCA-BEA7-2702EA81F76A}.Release|x86.ActiveCfg = Release|Any CPU
		{2B7157A5-25EB-4BCA-BEA7-2702EA81F76A}.Release|x86.Build.0 = Release|Any CPU
		{FC86C5B6-523F-49E9-BC4F-874F2BBF8943}.Debug|Any CPU.ActiveCfg = Debug|Any CPU
		{FC86C5B6-523F-49E9-BC4F-874F2BBF8943}.Debug|Any CPU.Build.0 = Debug|Any CPU
		{FC86C5B6-523F-49E9-BC4F-874F2BBF8943}.Debug|x64.ActiveCfg = Debug|Any CPU
		{FC86C5B6-523F-49E9-BC4F-874F2BBF8943}.Debug|x64.Build.0 = Debug|Any CPU
		{FC86C5B6-523F-49E9-BC4F-874F2BBF8943}.Debug|x86.ActiveCfg = Debug|Any CPU
		{FC86C5B6-523F-49E9-BC4F-874F2BBF8943}.Debug|x86.Build.0 = Debug|Any CPU
		{FC86C5B6-523F-49E9-BC4F-874F2BBF8943}.Release|Any CPU.ActiveCfg = Release|Any CPU
		{FC86C5B6-523F-49E9-BC4F-874F2BBF8943}.Release|Any CPU.Build.0 = Release|Any CPU
		{FC86C5B6-523F-49E9-BC4F-874F2BBF8943}.Release|x64.ActiveCfg = Release|Any CPU
		{FC86C5B6-523F-49E9-BC4F-874F2BBF8943}.Release|x64.Build.0 = Release|Any CPU
		{FC86C5B6-523F-49E9-BC4F-874F2BBF8943}.Release|x86.ActiveCfg = Release|Any CPU
		{FC86C5B6-523F-49E9-BC4F-874F2BBF8943}.Release|x86.Build.0 = Release|Any CPU
		{A1873498-807D-4514-9A74-3542CC63FE30}.Debug|Any CPU.ActiveCfg = Debug|Any CPU
		{A1873498-807D-4514-9A74-3542CC63FE30}.Debug|Any CPU.Build.0 = Debug|Any CPU
		{A1873498-807D-4514-9A74-3542CC63FE30}.Debug|x64.ActiveCfg = Debug|Any CPU
		{A1873498-807D-4514-9A74-3542CC63FE30}.Debug|x64.Build.0 = Debug|Any CPU
		{A1873498-807D-4514-9A74-3542CC63FE30}.Debug|x86.ActiveCfg = Debug|Any CPU
		{A1873498-807D-4514-9A74-3542CC63FE30}.Debug|x86.Build.0 = Debug|Any CPU
		{A1873498-807D-4514-9A74-3542CC63FE30}.Release|Any CPU.ActiveCfg = Release|Any CPU
		{A1873498-807D-4514-9A74-3542CC63FE30}.Release|Any CPU.Build.0 = Release|Any CPU
		{A1873498-807D-4514-9A74-3542CC63FE30}.Release|x64.ActiveCfg = Release|Any CPU
		{A1873498-807D-4514-9A74-3542CC63FE30}.Release|x64.Build.0 = Release|Any CPU
		{A1873498-807D-4514-9A74-3542CC63FE30}.Release|x86.ActiveCfg = Release|Any CPU
		{A1873498-807D-4514-9A74-3542CC63FE30}.Release|x86.Build.0 = Release|Any CPU
		{E088B822-B656-4623-A808-655DFF3746D6}.Debug|Any CPU.ActiveCfg = Debug|Any CPU
		{E088B822-B656-4623-A808-655DFF3746D6}.Debug|Any CPU.Build.0 = Debug|Any CPU
		{E088B822-B656-4623-A808-655DFF3746D6}.Debug|x64.ActiveCfg = Debug|Any CPU
		{E088B822-B656-4623-A808-655DFF3746D6}.Debug|x64.Build.0 = Debug|Any CPU
		{E088B822-B656-4623-A808-655DFF3746D6}.Debug|x86.ActiveCfg = Debug|Any CPU
		{E088B822-B656-4623-A808-655DFF3746D6}.Debug|x86.Build.0 = Debug|Any CPU
		{E088B822-B656-4623-A808-655DFF3746D6}.Release|Any CPU.ActiveCfg = Release|Any CPU
		{E088B822-B656-4623-A808-655DFF3746D6}.Release|Any CPU.Build.0 = Release|Any CPU
		{E088B822-B656-4623-A808-655DFF3746D6}.Release|x64.ActiveCfg = Release|Any CPU
		{E088B822-B656-4623-A808-655DFF3746D6}.Release|x64.Build.0 = Release|Any CPU
		{E088B822-B656-4623-A808-655DFF3746D6}.Release|x86.ActiveCfg = Release|Any CPU
		{E088B822-B656-4623-A808-655DFF3746D6}.Release|x86.Build.0 = Release|Any CPU
		{33095C4C-AA1A-4295-9C4C-A0484CBD21B0}.Debug|Any CPU.ActiveCfg = Debug|Any CPU
		{33095C4C-AA1A-4295-9C4C-A0484CBD21B0}.Debug|Any CPU.Build.0 = Debug|Any CPU
		{33095C4C-AA1A-4295-9C4C-A0484CBD21B0}.Debug|x64.ActiveCfg = Debug|Any CPU
		{33095C4C-AA1A-4295-9C4C-A0484CBD21B0}.Debug|x64.Build.0 = Debug|Any CPU
		{33095C4C-AA1A-4295-9C4C-A0484CBD21B0}.Debug|x86.ActiveCfg = Debug|Any CPU
		{33095C4C-AA1A-4295-9C4C-A0484CBD21B0}.Debug|x86.Build.0 = Debug|Any CPU
		{33095C4C-AA1A-4295-9C4C-A0484CBD21B0}.Release|Any CPU.ActiveCfg = Release|Any CPU
		{33095C4C-AA1A-4295-9C4C-A0484CBD21B0}.Release|Any CPU.Build.0 = Release|Any CPU
		{33095C4C-AA1A-4295-9C4C-A0484CBD21B0}.Release|x64.ActiveCfg = Release|Any CPU
		{33095C4C-AA1A-4295-9C4C-A0484CBD21B0}.Release|x64.Build.0 = Release|Any CPU
		{33095C4C-AA1A-4295-9C4C-A0484CBD21B0}.Release|x86.ActiveCfg = Release|Any CPU
		{33095C4C-AA1A-4295-9C4C-A0484CBD21B0}.Release|x86.Build.0 = Release|Any CPU
	EndGlobalSection
	GlobalSection(SolutionProperties) = preSolution
		HideSolutionNode = FALSE
	EndGlobalSection
	GlobalSection(NestedProjects) = preSolution
		{CE58260A-39C2-4289-99A5-E3E0C266FDB2} = {56A9F078-40C9-3DDD-7DA3-B5A4BF238A7F}
		{15CB31E5-6BA5-4713-A237-808BF1CBC382} = {26DBFC19-437C-4F90-1A5A-542F2D728CEE}
		{E37E36E8-499F-4F20-B77F-CB9A38157C29} = {AAFBD153-24CA-142F-8D87-E9EA6ABB24FE}
		{2B7157A5-25EB-4BCA-BEA7-2702EA81F76A} = {AAFBD153-24CA-142F-8D87-E9EA6ABB24FE}
		{FC86C5B6-523F-49E9-BC4F-874F2BBF8943} = {26DBFC19-437C-4F90-1A5A-542F2D728CEE}
		{A1873498-807D-4514-9A74-3542CC63FE30} = {AAFBD153-24CA-142F-8D87-E9EA6ABB24FE}
		{E088B822-B656-4623-A808-655DFF3746D6} = {AAFBD153-24CA-142F-8D87-E9EA6ABB24FE}
		{33095C4C-AA1A-4295-9C4C-A0484CBD21B0} = {56A9F078-40C9-3DDD-7DA3-B5A4BF238A7F}
	EndGlobalSection
EndGlobal
